
Microsoft Visual Studio Solution File, Format Version 12.00
# Visual Studio Version 17
VisualStudioVersion = 17.7.34024.191
MinimumVisualStudioVersion = 10.0.40219.1
Project("{FAE04EC0-301F-11D3-BF4B-00C04F79EFBC}") = "MLM-salesman", "MLM-salesman\MLM-salesman.csproj", "{8CB7C448-5768-4BEB-8F40-E86B2886CC45}"
EndProject
Global
	GlobalSection(SolutionConfigurationPlatforms) = preSolution
		Debug|Any CPU = Debug|Any CPU
		Release|Any CPU = Release|Any CPU
	EndGlobalSection
	GlobalSection(ProjectConfigurationPlatforms) = postSolution
		{8CB7C448-5768-4BEB-8F40-E86B2886CC45}.Debug|Any CPU.ActiveCfg = Debug|Any CPU
		{8CB7C448-5768-4BEB-8F40-E86B2886CC45}.Debug|Any CPU.Build.0 = Debug|Any CPU
		{8CB7C448-5768-4BEB-8F40-E86B2886CC45}.Release|Any CPU.ActiveCfg = Release|Any CPU
		{8CB7C448-5768-4BEB-8F40-E86B2886CC45}.Release|Any CPU.Build.0 = Release|Any CPU
	EndGlobalSection
	GlobalSection(SolutionProperties) = preSolution
		HideSolutionNode = FALSE
	EndGlobalSection
	GlobalSection(ExtensibilityGlobals) = postSolution
		SolutionGuid = {086464AF-AB0A-431F-858E-FB4ECDA2E71F}
	EndGlobalSection
EndGlobal
